# THIS IS AN AUTOGENERATED FILE. DO NOT EDIT THIS FILE DIRECTLY.
# yarn lockfile v1


lenis@^1.1.13:
  version "1.3.23"
  resolved "https://registry.yarnpkg.com/lenis/-/lenis-1.3.23.tgz#3473a956c829335682a6384df019d9a66457881c"
  integrity sha512-YxYq3TJqj9sJNv0V9SkyQHejt14xwyIwgDaaMK89Uf9SxQfIszu+gTQSSphh6BWlLTNVKvvXAGkg+Zf+oFIevg==

"parallax-engine@link:../parallax-engine":
  version "0.0.0"
  uid ""

zod@^3.23.8:
  version "3.25.76"
  resolved "https://registry.yarnpkg.com/zod/-/zod-3.25.76.tgz#26841c3f6fd22a6a2760e7ccb719179768471e34"
  integrity sha512-gzUt/qt81nXsFGKIFcC3YnfEAx5NkunCfnDlvuBSSFS02bcXu4Lmea0AFIUwbLWxWPx3d9p8S5QoaujKcNQxcQ==
